
Microsoft Visual Studio Solution File, Format Version 12.00
# Visual Studio 14
VisualStudioVersion = 14.0.25420.1
MinimumVisualStudioVersion = 10.0.40219.1
Project("{FAE04EC0-301F-11D3-BF4B-00C04F79EFBC}") = "Core", "Core\Core.csproj", "{698E1F84-2354-477F-AB83-E88022C7DC8F}"
EndProject
Project("{FAE04EC0-301F-11D3-BF4B-00C04F79EFBC}") = "Common", "Common\Common.csproj", "{F8666497-10C7-43AA-A3B2-0328EE412044}"
EndProject
Project("{FAE04EC0-301F-11D3-BF4B-00C04F79EFBC}") = "Server", "Server\Server.csproj", "{901FA714-2B1F-4301-82B3-7D7F923EB4A7}"
EndProject
Project("{FAE04EC0-301F-11D3-BF4B-00C04F79EFBC}") = "Client", "Client\Client.csproj", "{CC24E8ED-E4E4-4B05-8CCF-A473B3127C80}"
EndProject
Project("{FAE04EC0-301F-11D3-BF4B-00C04F79EFBC}") = "UnitTests", "UnitTests\UnitTests.csproj", "{08278466-3E1A-4E07-B606-FB13CC492F1F}"
EndProject
Project("{FAE04EC0-301F-11D3-BF4B-00C04F79EFBC}") = "Communication", "Communication\Communication.csproj", "{172B0B44-8330-411A-AA03-116384001DC2}"
EndProject
Global
	GlobalSection(SolutionConfigurationPlatforms) = preSolution
		Debug|Any CPU = Debug|Any CPU
		Release|Any CPU = Release|Any CPU
	EndGlobalSection
	GlobalSection(ProjectConfigurationPlatforms) = postSolution
		{698E1F84-2354-477F-AB83-E88022C7DC8F}.Debug|Any CPU.ActiveCfg = Debug|Any CPU
		{698E1F84-2354-477F-AB83-E88022C7DC8F}.Debug|Any CPU.Build.0 = Debug|Any CPU
		{698E1F84-2354-477F-AB83-E88022C7DC8F}.Release|Any CPU.ActiveCfg = Release|Any CPU
		{698E1F84-2354-477F-AB83-E88022C7DC8F}.Release|Any CPU.Build.0 = Release|Any CPU
		{F8666497-10C7-43AA-A3B2-0328EE412044}.Debug|Any CPU.ActiveCfg = Debug|Any CPU
		{F8666497-10C7-43AA-A3B2-0328EE412044}.Debug|Any CPU.Build.0 = Debug|Any CPU
		{F8666497-10C7-43AA-A3B2-0328EE412044}.Release|Any CPU.ActiveCfg = Release|Any CPU
		{F8666497-10C7-43AA-A3B2-0328EE412044}.Release|Any CPU.Build.0 = Release|Any CPU
		{901FA714-2B1F-4301-82B3-7D7F923EB4A7}.Debug|Any CPU.ActiveCfg = Debug|Any CPU
		{901FA714-2B1F-4301-82B3-7D7F923EB4A7}.Debug|Any CPU.Build.0 = Debug|Any CPU
		{901FA714-2B1F-4301-82B3-7D7F923EB4A7}.Release|Any CPU.ActiveCfg = Release|Any CPU
		{901FA714-2B1F-4301-82B3-7D7F923EB4A7}.Release|Any CPU.Build.0 = Release|Any CPU
		{CC24E8ED-E4E4-4B05-8CCF-A473B3127C80}.Debug|Any CPU.ActiveCfg = Debug|Any CPU
		{CC24E8ED-E4E4-4B05-8CCF-A473B3127C80}.Debug|Any CPU.Build.0 = Debug|Any CPU
		{CC24E8ED-E4E4-4B05-8CCF-A473B3127C80}.Release|Any CPU.ActiveCfg = Release|Any CPU
		{CC24E8ED-E4E4-4B05-8CCF-A473B3127C80}.Release|Any CPU.Build.0 = Release|Any CPU
		{08278466-3E1A-4E07-B606-FB13CC492F1F}.Debug|Any CPU.ActiveCfg = Debug|Any CPU
		{08278466-3E1A-4E07-B606-FB13CC492F1F}.Debug|Any CPU.Build.0 = Debug|Any CPU
		{08278466-3E1A-4E07-B606-FB13CC492F1F}.Release|Any CPU.ActiveCfg = Release|Any CPU
		{08278466-3E1A-4E07-B606-FB13CC492F1F}.Release|Any CPU.Build.0 = Release|Any CPU
		{172B0B44-8330-411A-AA03-116384001DC2}.Debug|Any CPU.ActiveCfg = Debug|Any CPU
		{172B0B44-8330-411A-AA03-116384001DC2}.Debug|Any CPU.Build.0 = Debug|Any CPU
		{172B0B44-8330-411A-AA03-116384001DC2}.Release|Any CPU.ActiveCfg = Release|Any CPU
		{172B0B44-8330-411A-AA03-116384001DC2}.Release|Any CPU.Build.0 = Release|Any CPU
	EndGlobalSection
	GlobalSection(SolutionProperties) = preSolution
		HideSolutionNode = FALSE
	EndGlobalSection
EndGlobal
